
Microsoft Visual Studio Solution File, Format Version 12.00
# Visual Studio Version 17
VisualStudioVersion = 17.1.32210.238
MinimumVisualStudioVersion = 10.0.40219.1
Project("{FAE04EC0-301F-11D3-BF4B-00C04F79EFBC}") = "git", "git\git.csproj", "{9ED93AEF-8A81-4A1B-BDB9-7737F4FDC41E}"
EndProject
Global
	GlobalSection(SolutionConfigurationPlatforms) = preSolution
		Debug|Any CPU = Debug|Any CPU
		Release|Any CPU = Release|Any CPU
	EndGlobalSection
	GlobalSection(ProjectConfigurationPlatforms) = postSolution
		{9ED93AEF-8A81-4A1B-BDB9-7737F4FDC41E}.Debug|Any CPU.ActiveCfg = Debug|Any CPU
		{9ED93AEF-8A81-4A1B-BDB9-7737F4FDC41E}.Debug|Any CPU.Build.0 = Debug|Any CPU
		{9ED93AEF-8A81-4A1B-BDB9-7737F4FDC41E}.Release|Any CPU.ActiveCfg = Release|Any CPU
		{9ED93AEF-8A81-4A1B-BDB9-7737F4FDC41E}.Release|Any CPU.Build.0 = Release|Any CPU
	EndGlobalSection
	GlobalSection(SolutionProperties) = preSolution
		HideSolutionNode = FALSE
	EndGlobalSection
	GlobalSection(ExtensibilityGlobals) = postSolution
		SolutionGuid = {73A741EF-BD9B-408B-A805-403084E9AC8B}
	EndGlobalSection
EndGlobal
